
Microsoft Visual Studio Solution File, Format Version 12.00
# Visual Studio Version 17
VisualStudioVersion = 17.5.002.0
MinimumVisualStudioVersion = 10.0.40219.1
Project("{9A19103F-16F7-4668-BE54-9A1E7A4F7556}") = "Assignment1Dotnet", "Assignment1Dotnet.csproj", "{C281349A-FCEF-4750-B131-48483585905B}"
EndProject
Global
	GlobalSection(SolutionConfigurationPlatforms) = preSolution
		Debug|Any CPU = Debug|Any CPU
		Release|Any CPU = Release|Any CPU
	EndGlobalSection
	GlobalSection(ProjectConfigurationPlatforms) = postSolution
		{C281349A-FCEF-4750-B131-48483585905B}.Debug|Any CPU.ActiveCfg = Debug|Any CPU
		{C281349A-FCEF-4750-B131-48483585905B}.Debug|Any CPU.Build.0 = Debug|Any CPU
		{C281349A-FCEF-4750-B131-48483585905B}.Release|Any CPU.ActiveCfg = Release|Any CPU
		{C281349A-FCEF-4750-B131-48483585905B}.Release|Any CPU.Build.0 = Release|Any CPU
	EndGlobalSection
	GlobalSection(SolutionProperties) = preSolution
		HideSolutionNode = FALSE
	EndGlobalSection
	GlobalSection(ExtensibilityGlobals) = postSolution
		SolutionGuid = {C06C830B-1074-47EC-A1F1-C55BEE8C9898}
	EndGlobalSection
EndGlobal
